Microsoft Visual Studio Solution File, Format Version 11.00
# Visual Studio 2010
Project("{FAE04EC0-301F-11D3-BF4B-00C04F79EFBC}") = "TestBoxRegexDemo", "TestBoxRegexDemo.csproj", "{D9ECDF60-902B-4E96-8F1A-14E99336EB55}"
EndProject
Project("{FAE04EC0-301F-11D3-BF4B-00C04F79EFBC}") = "TextBoxRegex", "..\TextBoxRegex\TextBoxRegex.csproj", "{681CB968-F774-489E-80C9-F8AE9E269BA4}"
EndProject
Global
	GlobalSection(SolutionConfigurationPlatforms) = preSolution
		Debug|Any CPU = Debug|Any CPU
		Release|Any CPU = Release|Any CPU
	EndGlobalSection
	GlobalSection(ProjectConfigurationPlatforms) = postSolution
		{D9ECDF60-902B-4E96-8F1A-14E99336EB55}.Debug|Any CPU.ActiveCfg = Debug|Any CPU
		{D9ECDF60-902B-4E96-8F1A-14E99336EB55}.Debug|Any CPU.Build.0 = Debug|Any CPU
		{D9ECDF60-902B-4E96-8F1A-14E99336EB55}.Release|Any CPU.ActiveCfg = Release|Any CPU
		{D9ECDF60-902B-4E96-8F1A-14E99336EB55}.Release|Any CPU.Build.0 = Release|Any CPU
		{681CB968-F774-489E-80C9-F8AE9E269BA4}.Debug|Any CPU.ActiveCfg = Debug|Any CPU
		{681CB968-F774-489E-80C9-F8AE9E269BA4}.Debug|Any CPU.Build.0 = Debug|Any CPU
		{681CB968-F774-489E-80C9-F8AE9E269BA4}.Release|Any CPU.ActiveCfg = Release|Any CPU
		{681CB968-F774-489E-80C9-F8AE9E269BA4}.Release|Any CPU.Build.0 = Release|Any CPU
	EndGlobalSection
	GlobalSection(SolutionProperties) = preSolution
		HideSolutionNode = FALSE
	EndGlobalSection
EndGlobal
